{
  "object": {
    "pins": [
      {
        "package": "Alamofire",
        "repositoryURL": "https://github.com/Alamofire/Alamofire",
        "state": {
          "branch": null,
          "revision": "59037bfd28aa963a7916f1eb22a74107a3522f16",
          "version": "5.0.5"
        }
      },
      {
        "package": "AlamofireImage",
        "repositoryURL": "https://github.com/Alamofire/AlamofireImage",
        "state": {
          "branch": null,
          "revision": "5384f5509cb37075c468002fb49ffe0faa82e2ad",
          "version": "4.0.3"
        }
      },
      {
        "package": "Realm",
        "repositoryURL": "https://github.com/realm/realm-cocoa",
        "state": {
          "branch": null,
          "revision": "07734d6ee4b49b5656c51dab51c20a2d59b9de45",
          "version": "4.4.0"
        }
      },
      {
        "package": "RealmCore",
        "repositoryURL": "https://github.com/realm/realm-core",
        "state": {
          "branch": null,
          "revision": "35662ff940e340bf630ad1d1d88acfc7af18bee6",
          "version": "5.23.8"
        }
      }
    ]
  },
  "version": 1
}
